<?xml version="1.0" encoding="utf-8"?>
<Project ToolsVersion="4.0" xmlns="http://schemas.microsoft.com/developer/msbuild/2003">
  <ItemGroup>
    <Filter Include="Source Files">
      <UniqueIdentifier>{4FC737F1-C7A5-4376-A066-2A32D752A2FF}</UniqueIdentifier>
      <Extensions>cpp;c;cc;cxx;c++;cppm;ixx;def;odl;idl;hpj;bat;asm;asmx</Extensions>
    </Filter>
    <Filter Include="Header Files">
      <UniqueIdentifier>{93995380-89BD-4b04-88EB-625FBE52EBFB}</UniqueIdentifier>
      <Extensions>h;hh;hpp;hxx;h++;hm;inl;inc;ipp;xsd</Extensions>
    </Filter>
    <Filter Include="Resource Files">
      <UniqueIdentifier>{67DA6AB6-F800-4c08-8B7A-83BB121AAD01}</UniqueIdentifier>
      <Extensions>rc;ico;cur;bmp;dlg;rc2;rct;bin;rgs;gif;jpg;jpeg;jpe;resx;tiff;tif;png;wav;mfcribbon-ms</Extensions>
    </Filter>
  </ItemGroup>
  <ItemGroup>
    <ClCompile Include="src\main.cpp">
      <Filter>Source Files</Filter>
    </ClCompile>
    <ClCompile Include="src\Particles\particleSelection.cpp">
      <Filter>Source Files</Filter>
    </ClCompile>
    <ClCompile Include="src\Particles\particlesSpawning.cpp">
      <Filter>Source Files</Filter>
    </ClCompile>
    <ClCompile Include="src\Particles\particleSubdivision.cpp">
      <Filter>Source Files</Filter>
    </ClCompile>
    <ClCompile Include="src\Particles\particleTrails.cpp">
      <Filter>Source Files</Filter>
    </ClCompile>
    <ClCompile Include="src\Physics\morton.cpp">
      <Filter>Source Files</Filter>
    </ClCompile>
    <ClCompile Include="src\Physics\physics.cpp">
      <Filter>Source Files</Filter>
    </ClCompile>
    <ClCompile Include="src\Physics\quadtree.cpp">
      <Filter>Source Files</Filter>
    </ClCompile>
    <ClCompile Include="src\Physics\slingshot.cpp">
      <Filter>Source Files</Filter>
    </ClCompile>
    <ClCompile Include="src\UI\brush.cpp">
      <Filter>Source Files</Filter>
    </ClCompile>
    <ClCompile Include="src\UI\button.cpp">
      <Filter>Source Files</Filter>
    </ClCompile>
    <ClCompile Include="src\UI\controls.cpp">
      <Filter>Source Files</Filter>
    </ClCompile>
    <ClCompile Include="src\UI\rightClickSettings.cpp">
      <Filter>Source Files</Filter>
    </ClCompile>
    <ClCompile Include="src\UI\slider.cpp">
      <Filter>Source Files</Filter>
    </ClCompile>
    <ClCompile Include="src\UI\UI.cpp">
      <Filter>Source Files</Filter>
    </ClCompile>
    <ClCompile Include="src\UX\camera.cpp">
      <Filter>Source Files</Filter>
    </ClCompile>
    <ClCompile Include="src\UX\screenCapture.cpp">
      <Filter>Source Files</Filter>
    </ClCompile>
    <ClCompile Include="src\Physics\collisionGrid.cpp">
      <Filter>Source Files</Filter>
    </ClCompile>
  </ItemGroup>
  <ItemGroup>
    <ClInclude Include="include\parameters.h">
      <Filter>Header Files</Filter>
    </ClInclude>
    <ClInclude Include="include\Particles\densitySize.h">
      <Filter>Header Files</Filter>
    </ClInclude>
    <ClInclude Include="include\Particles\particle.h">
      <Filter>Header Files</Filter>
    </ClInclude>
    <ClInclude Include="include\Particles\particleColorVisuals.h">
      <Filter>Header Files</Filter>
    </ClInclude>
    <ClInclude Include="include\Particles\particleDeletion.h">
      <Filter>Header Files</Filter>
    </ClInclude>
    <ClInclude Include="include\Particles\particleSelection.h">
      <Filter>Header Files</Filter>
    </ClInclude>
    <ClInclude Include="include\Particles\particlesSpawning.h">
      <Filter>Header Files</Filter>
    </ClInclude>
    <ClInclude Include="include\Particles\particleSubdivision.h">
      <Filter>Header Files</Filter>
    </ClInclude>
    <ClInclude Include="include\Particles\particleTrails.h">
      <Filter>Header Files</Filter>
    </ClInclude>
    <ClInclude Include="include\Physics\morton.h">
      <Filter>Header Files</Filter>
    </ClInclude>
    <ClInclude Include="include\Physics\physics.h">
      <Filter>Header Files</Filter>
    </ClInclude>
    <ClInclude Include="include\Physics\quadtree.h">
      <Filter>Header Files</Filter>
    </ClInclude>
    <ClInclude Include="include\Physics\slingshot.h">
      <Filter>Header Files</Filter>
    </ClInclude>
    <ClInclude Include="include\UI\brush.h">
      <Filter>Header Files</Filter>
    </ClInclude>
    <ClInclude Include="include\UI\button.h">
      <Filter>Header Files</Filter>
    </ClInclude>
    <ClInclude Include="include\UI\controls.h">
      <Filter>Header Files</Filter>
    </ClInclude>
    <ClInclude Include="include\UI\rightClickSettings.h">
      <Filter>Header Files</Filter>
    </ClInclude>
    <ClInclude Include="include\UI\slider.h">
      <Filter>Header Files</Filter>
    </ClInclude>
    <ClInclude Include="include\UI\UI.h">
      <Filter>Header Files</Filter>
    </ClInclude>
    <ClInclude Include="include\UX\camera.h">
      <Filter>Header Files</Filter>
    </ClInclude>
    <ClInclude Include="include\UX\screenCapture.h">
      <Filter>Header Files</Filter>
    </ClInclude>
    <ClInclude Include="include\Physics\collisionGrid.h">
      <Filter>Header Files</Filter>
    </ClInclude>
  </ItemGroup>
</Project>